{
  "name": "pixi",
  "version": "1.0.0",
  "lockfileVersion": 1,
  "requires": true,
  "dependencies": {
    "@pixi/accessibility": {
      "version": "5.1.5",
      "resolved": "https://registry.npmjs.org/@pixi/accessibility/-/accessibility-5.1.5.tgz",
      "integrity": "sha512-xHgcVN6sDqqpkcgk+yJ5s6tCf7ZW2YZVop7bQL9avuJaP6I/0mbwUN3evWonQ4QNO6SF8V/QXOc3ZmEdkYILPA==",
      "requires": {
        "@pixi/core": "^5.1.5",
        "@pixi/display": "^5.1.3",
        "@pixi/utils": "^5.1.3"
      }
    },
    "@pixi/app": {
      "version": "5.1.5",
      "resolved": "https://registry.npmjs.org/@pixi/app/-/app-5.1.5.tgz",
      "integrity": "sha512-BxcNAulUXVkTpOqS5gjorO2d3+wksmBfn0VFGdiq7Elbv3v0s8wCwGOlOSMJoAjYSPXz8H8t3dw8NHxqxpI53A==",
      "requires": {
        "@pixi/core": "^5.1.5",
        "@pixi/display": "^5.1.3"
      }
    },
    "@pixi/constants": {
      "version": "5.1.0",
      "resolved": "https://registry.npmjs.org/@pixi/constants/-/constants-5.1.0.tgz",
      "integrity": "sha512-86cogDvjF9yNvmxeizwkIhA0Kl2z3gUSWMf2daYx903dzyje7fwkzRrKLnqDUn6vSAxRXiska0DMJhwYsIC29w=="
    },
    "@pixi/core": {
      "version": "5.1.5",
      "resolved": "https://registry.npmjs.org/@pixi/core/-/core-5.1.5.tgz",
      "integrity": "sha512-pt7JTgRyGyOm1VNGhYqAjdIggQ5SjGpctLEBFwPlZDOTeEjJ85NADwCvN/E9ToIW7Gv/1urrNKsoVGlADcV6vw==",
      "requires": {
        "@pixi/constants": "^5.1.0",
        "@pixi/display": "^5.1.3",
        "@pixi/math": "^5.1.0",
        "@pixi/runner": "^5.1.1",
        "@pixi/settings": "^5.1.3",
        "@pixi/ticker": "^5.1.3",
        "@pixi/utils": "^5.1.3"
      }
    },
    "@pixi/display": {
      "version": "5.1.3",
      "resolved": "https://registry.npmjs.org/@pixi/display/-/display-5.1.3.tgz",
      "integrity": "sha512-zQJfwH9tSilEfpajVJKM2bavIXBFMokscXyFIdokBSjLQL22mgEyR0mHZ3u6OECUa0PEVUA64eePv6KmPZ+bJQ==",
      "requires": {
        "@pixi/math": "^5.1.0",
        "@pixi/settings": "^5.1.3",
        "@pixi/utils": "^5.1.3"
      }
    },
    "@pixi/extract": {
      "version": "5.1.5",
      "resolved": "https://registry.npmjs.org/@pixi/extract/-/extract-5.1.5.tgz",
      "integrity": "sha512-sn13RxtWpqZq05K9IJxF/00ddMsiDlpQAwEwA8fQIsMSbt6lBTm1fa0u/nZqQjRhJk72Q+41h4LXEhZEMMowAg==",
      "requires": {
        "@pixi/core": "^5.1.5",
        "@pixi/math": "^5.1.0",
        "@pixi/utils": "^5.1.3"
      }
    },
    "@pixi/filter-alpha": {
      "version": "5.1.5",
      "resolved": "https://registry.npmjs.org/@pixi/filter-alpha/-/filter-alpha-5.1.5.tgz",
      "integrity": "sha512-Jb5e7lybvMOXjdTOEN883h2N5Qe5rLNdTmPxOoK43RR+LQMk8D/Iw3zWpQ1oIwpJFiUkgwn0CmO5YaK6STh34w==",
      "requires": {
        "@pixi/core": "^5.1.5"
      }
    },
    "@pixi/filter-blur": {
      "version": "5.1.5",
      "resolved": "https://registry.npmjs.org/@pixi/filter-blur/-/filter-blur-5.1.5.tgz",
      "integrity": "sha512-9eSJtg8kLwKrNnJmg2c1vlOcP0PYhvZdUk97D2+HrE0j1BZTJ2OxHb26UJSiMU0kBCUomtuFvCiNtFT2GCWbjg==",
      "requires": {
        "@pixi/core": "^5.1.5",
        "@pixi/settings": "^5.1.3"
      }
    },
    "@pixi/filter-color-matrix": {
      "version": "5.1.5",
      "resolved": "https://registry.npmjs.org/@pixi/filter-color-matrix/-/filter-color-matrix-5.1.5.tgz",
      "integrity": "sha512-zhg8FE22WA7sH1mhvjjSaWav7BXFbU63usdh9pVNv2Hd7cuDtO9x8aLy+RqGozqENfYHzRUlTdKrNdl5QEbYMg==",
      "requires": {
        "@pixi/core": "^5.1.5"
      }
    },
    "@pixi/filter-displacement": {
      "version": "5.1.5",
      "resolved": "https://registry.npmjs.org/@pixi/filter-displacement/-/filter-displacement-5.1.5.tgz",
      "integrity": "sha512-/ZzlTT+jFQTwg57jj6kl4lH+0Z3iwtp+tDXdYcusNDe44hZn9Wd+IzZkS/LCeay40cY4JPRrXznVwlZ6AiBsHQ==",
      "requires": {
        "@pixi/core": "^5.1.5",
        "@pixi/math": "^5.1.0"
      }
    },
    "@pixi/filter-fxaa": {
      "version": "5.1.5",
      "resolved": "https://registry.npmjs.org/@pixi/filter-fxaa/-/filter-fxaa-5.1.5.tgz",
      "integrity": "sha512-Zg2pSBpb0pxJozWraNrHUC97C3gSjK+NSaMGBN6NpfaGcn+/xaZjFBwwYDeTpHAw6IDV+3Ln+z7D5h9pPEliKg==",
      "requires": {
        "@pixi/core": "^5.1.5"
      }
    },
    "@pixi/filter-noise": {
      "version": "5.1.5",
      "resolved": "https://registry.npmjs.org/@pixi/filter-noise/-/filter-noise-5.1.5.tgz",
      "integrity": "sha512-/HGr9dxvBVc+qRJ/JU/6ZHz3BshnUwCTgEfQtxJmo2I6lqn9cWoiL4q+iKk9QkGmLtLNip77zc0KveYN01eh/g==",
      "requires": {
        "@pixi/core": "^5.1.5"
      }
    },
    "@pixi/graphics": {
      "version": "5.1.5",
      "resolved": "https://registry.npmjs.org/@pixi/graphics/-/graphics-5.1.5.tgz",
      "integrity": "sha512-u9uq/6ylS5oRCsWaTi0uOCuAimAvaXJ57ATKT/nylHRXv+GfbPoMJAHpqTWx8HojK7P6PBUJCenPa0BFVcq9gg==",
      "requires": {
        "@pixi/constants": "^5.1.0",
        "@pixi/core": "^5.1.5",
        "@pixi/display": "^5.1.3",
        "@pixi/math": "^5.1.0",
        "@pixi/sprite": "^5.1.5",
        "@pixi/utils": "^5.1.3"
      }
    },
    "@pixi/interaction": {
      "version": "5.1.5",
      "resolved": "https://registry.npmjs.org/@pixi/interaction/-/interaction-5.1.5.tgz",
      "integrity": "sha512-N8SONgHZZuDLPAL3LvfMTfgRsD6084KJA9VbwJ6Ujvm95NwSInNC2HRB6uXsSYTC4I1bMcRhot3CjZkB5BEURA==",
      "requires": {
        "@pixi/core": "^5.1.5",
        "@pixi/display": "^5.1.3",
        "@pixi/math": "^5.1.0",
        "@pixi/ticker": "^5.1.3",
        "@pixi/utils": "^5.1.3"
      }
    },
    "@pixi/loaders": {
      "version": "5.1.5",
      "resolved": "https://registry.npmjs.org/@pixi/loaders/-/loaders-5.1.5.tgz",
      "integrity": "sha512-jcuJMMGIr7/o8HKtVL9YzUTQQGk4K4uNQylUbhnNDFVuJcVzuBwD/TCWJ/+2Y879vBzipXdhCw7JLA4F8w6bkg==",
      "requires": {
        "@pixi/core": "^5.1.5",
        "@pixi/utils": "^5.1.3",
        "resource-loader": "^3.0.1"
      }
    },
    "@pixi/math": {
      "version": "5.1.0",
      "resolved": "https://registry.npmjs.org/@pixi/math/-/math-5.1.0.tgz",
      "integrity": "sha512-Vf9W4SgYRRQMdSq8tFViKKKGCU3iklf0RDzd+wzp4gezOxe3m0PLB7XKwvVrP1hRjUh49zIAL9JBpYREPS1EMw=="
    },
    "@pixi/mesh": {
      "version": "5.1.5",
      "resolved": "https://registry.npmjs.org/@pixi/mesh/-/mesh-5.1.5.tgz",
      "integrity": "sha512-gWBwBkIV0Dj0nA+a/ymtv4oQOium3oiehKdhSynQZj9C+pwd3YUSJGjHWs4b+TIQxZm2RHEsSSw4gCw/Ih1cuw==",
      "requires": {
        "@pixi/constants": "^5.1.0",
        "@pixi/core": "^5.1.5",
        "@pixi/display": "^5.1.3",
        "@pixi/math": "^5.1.0",
        "@pixi/settings": "^5.1.3",
        "@pixi/utils": "^5.1.3"
      }
    },
    "@pixi/mesh-extras": {
      "version": "5.1.5",
      "resolved": "https://registry.npmjs.org/@pixi/mesh-extras/-/mesh-extras-5.1.5.tgz",
      "integrity": "sha512-aMjTD3kBf2h31ijYapapQOJIoQuO26i4pP7P4ux886FE8E48QSc3edXZzULq2Rc5ZdWMPUFYnd8AJ6F8dw/ocQ==",
      "requires": {
        "@pixi/constants": "^5.1.0",
        "@pixi/core": "^5.1.5",
        "@pixi/math": "^5.1.0",
        "@pixi/mesh": "^5.1.5",
        "@pixi/utils": "^5.1.3"
      }
    },
    "@pixi/mixin-cache-as-bitmap": {
      "version": "5.1.5",
      "resolved": "https://registry.npmjs.org/@pixi/mixin-cache-as-bitmap/-/mixin-cache-as-bitmap-5.1.5.tgz",
      "integrity": "sha512-XRVTz5nOgj7wUFXXIixTlg+2oynNerebUwjkw11mnr+HNP3vMmt2O8ZtXEyij2VXNMuDmbYo8/O53FI+81CnAQ==",
      "requires": {
        "@pixi/core": "^5.1.5",
        "@pixi/display": "^5.1.3",
        "@pixi/math": "^5.1.0",
        "@pixi/settings": "^5.1.3",
        "@pixi/sprite": "^5.1.5",
        "@pixi/utils": "^5.1.3"
      }
    },
    "@pixi/mixin-get-child-by-name": {
      "version": "5.1.3",
      "resolved": "https://registry.npmjs.org/@pixi/mixin-get-child-by-name/-/mixin-get-child-by-name-5.1.3.tgz",
      "integrity": "sha512-0nvNfcQAeND9iuzQr0AYCxINDaXQx5Kft8Fauu0T4LKbYAchO0qzuSpv7L+cD4LvKdvGQyxHHWP6u4wQ9yuKrg==",
      "requires": {
        "@pixi/display": "^5.1.3"
      }
    },
    "@pixi/mixin-get-global-position": {
      "version": "5.1.3",
      "resolved": "https://registry.npmjs.org/@pixi/mixin-get-global-position/-/mixin-get-global-position-5.1.3.tgz",
      "integrity": "sha512-dgIUjjIDnI/wrNXt+ROWdv0syQeV5hlt/TJot/ULXw6HnBoDDmXqcKzIp38o3Ei6n2eQ0CUVbKYGd668tdk5EQ==",
      "requires": {
        "@pixi/display": "^5.1.3",
        "@pixi/math": "^5.1.0"
      }
    },
    "@pixi/particles": {
      "version": "5.1.5",
      "resolved": "https://registry.npmjs.org/@pixi/particles/-/particles-5.1.5.tgz",
      "integrity": "sha512-eIYd1wKyuzBL/re3EuyhUjXNRe8fkqbUgpeevV2e7tIoFcyK3g3cT4E1ajTv+7IIAvj2505xRJ3dxcAxLDzd6g==",
      "requires": {
        "@pixi/constants": "^5.1.0",
        "@pixi/core": "^5.1.5",
        "@pixi/display": "^5.1.3",
        "@pixi/math": "^5.1.0",
        "@pixi/utils": "^5.1.3"
      }
    },
    "@pixi/polyfill": {
      "version": "5.1.0",
      "resolved": "https://registry.npmjs.org/@pixi/polyfill/-/polyfill-5.1.0.tgz",
      "integrity": "sha512-8M3nYCO0a599fsdLW7wv9SBYriMqS1QckKAkRuN2JualRuK/GjxZjm5Vcbcwc1gGONRUKZroH12CuPyTcU2HnQ==",
      "requires": {
        "es6-promise-polyfill": "^1.2.0",
        "object-assign": "^4.1.1"
      }
    },
    "@pixi/prepare": {
      "version": "5.1.5",
      "resolved": "https://registry.npmjs.org/@pixi/prepare/-/prepare-5.1.5.tgz",
      "integrity": "sha512-0Gq6whHFuLYy3uUVoVmRnVWMZU4Z0WSs7+BYGWrDqxlOqfuZ6ZS4SSEjzcUUvyCK8MWisEn7O3EnDRYFr+3K5g==",
      "requires": {
        "@pixi/core": "^5.1.5",
        "@pixi/display": "^5.1.3",
        "@pixi/graphics": "^5.1.5",
        "@pixi/settings": "^5.1.3",
        "@pixi/text": "^5.1.5",
        "@pixi/ticker": "^5.1.3"
      }
    },
    "@pixi/runner": {
      "version": "5.1.1",
      "resolved": "https://registry.npmjs.org/@pixi/runner/-/runner-5.1.1.tgz",
      "integrity": "sha512-cOkWsRZlEgOB4IuiUW0PvU0JDMNpNTtyLeECg4DwIDYW4uQ0033zaZFSsN0EOeX0TFkpBmaJsgEIwpmw32VU0w=="
    },
    "@pixi/settings": {
      "version": "5.1.3",
      "resolved": "https://registry.npmjs.org/@pixi/settings/-/settings-5.1.3.tgz",
      "integrity": "sha512-goYjVYuklNMFWFq54J7u4eYVe+qmLe6AQP+b+hF+Kskw7tSXrAVTHROqrEiqPqKSCL9umorOi6T/ZTXhk8i4Wg==",
      "requires": {
        "ismobilejs": "^0.5.1"
      }
    },
    "@pixi/sprite": {
      "version": "5.1.5",
      "resolved": "https://registry.npmjs.org/@pixi/sprite/-/sprite-5.1.5.tgz",
      "integrity": "sha512-a8M5P7xarbYMut3YKIb5I4hr94c0/VA18jV/eOhtyOKOsS5jkjul5WGssnIyR73aQp7iaNGWfh7FD+BiWCLzXQ==",
      "requires": {
        "@pixi/constants": "^5.1.0",
        "@pixi/core": "^5.1.5",
        "@pixi/display": "^5.1.3",
        "@pixi/math": "^5.1.0",
        "@pixi/settings": "^5.1.3",
        "@pixi/utils": "^5.1.3"
      }
    },
    "@pixi/sprite-animated": {
      "version": "5.1.5",
      "resolved": "https://registry.npmjs.org/@pixi/sprite-animated/-/sprite-animated-5.1.5.tgz",
      "integrity": "sha512-jsxqmWpDpjy7BoqVFpPWNvIeJ6yePQ0/uTyvzhKZBM8ihZVFJMa1+C4IFQpQYUCp9rlZHG6og4UzAHlwceQb+A==",
      "requires": {
        "@pixi/core": "^5.1.5",
        "@pixi/sprite": "^5.1.5",
        "@pixi/ticker": "^5.1.3"
      }
    },
    "@pixi/sprite-tiling": {
      "version": "5.1.5",
      "resolved": "https://registry.npmjs.org/@pixi/sprite-tiling/-/sprite-tiling-5.1.5.tgz",
      "integrity": "sha512-9P0jyAA9I8hrDnN04rABxxs09Knb2AZr+Ky2yvWAUngumoMmIEbc/JtW9R8ich72uTBcl8Ax+bTz520wB36HpA==",
      "requires": {
        "@pixi/constants": "^5.1.0",
        "@pixi/core": "^5.1.5",
        "@pixi/display": "^5.1.3",
        "@pixi/math": "^5.1.0",
        "@pixi/sprite": "^5.1.5",
        "@pixi/utils": "^5.1.3"
      }
    },
    "@pixi/spritesheet": {
      "version": "5.1.5",
      "resolved": "https://registry.npmjs.org/@pixi/spritesheet/-/spritesheet-5.1.5.tgz",
      "integrity": "sha512-kZBiI/eYRKoNxOTI9h4tl13oGdCaFkH/cOI0MZ0st0Dos6clB5OJStJ19bEe/Ik1Yt7NxGCCuFLLa3WKhQ5idQ==",
      "requires": {
        "@pixi/core": "^5.1.5",
        "@pixi/loaders": "^5.1.5",
        "@pixi/math": "^5.1.0",
        "@pixi/utils": "^5.1.3"
      }
    },
    "@pixi/text": {
      "version": "5.1.5",
      "resolved": "https://registry.npmjs.org/@pixi/text/-/text-5.1.5.tgz",
      "integrity": "sha512-8pKWuyccdWrZgvssyPUrOdn7CMeetRTpM8W51KYwU8gla6tnddMj3TaBW56dXRdtddadDc2KdGtDYPOuonHOfA==",
      "requires": {
        "@pixi/core": "^5.1.5",
        "@pixi/math": "^5.1.0",
        "@pixi/settings": "^5.1.3",
        "@pixi/sprite": "^5.1.5",
        "@pixi/utils": "^5.1.3"
      }
    },
    "@pixi/text-bitmap": {
      "version": "5.1.5",
      "resolved": "https://registry.npmjs.org/@pixi/text-bitmap/-/text-bitmap-5.1.5.tgz",
      "integrity": "sha512-Qvnq35MdDWjW9JwJsLcVpnTX4ApW52zLMeMezuTtN+QrfsXmYXRE+SOeBERccbGmyxcM2yIKIItiqS2eFvlzRw==",
      "requires": {
        "@pixi/core": "^5.1.5",
        "@pixi/display": "^5.1.3",
        "@pixi/loaders": "^5.1.5",
        "@pixi/math": "^5.1.0",
        "@pixi/settings": "^5.1.3",
        "@pixi/sprite": "^5.1.5",
        "@pixi/utils": "^5.1.3"
      }
    },
    "@pixi/ticker": {
      "version": "5.1.3",
      "resolved": "https://registry.npmjs.org/@pixi/ticker/-/ticker-5.1.3.tgz",
      "integrity": "sha512-IuJTMTfdboR6049b+HnSClGj7Lz5gObVoxuMc3flY493XAvrQk4XrBo57QDlVOdjVBiDW0gZ9DlUr1lwNFI7zQ==",
      "requires": {
        "@pixi/settings": "^5.1.3"
      }
    },
    "@pixi/utils": {
      "version": "5.1.3",
      "resolved": "https://registry.npmjs.org/@pixi/utils/-/utils-5.1.3.tgz",
      "integrity": "sha512-w2ULIc97p1tnAZ7L0aSClDeIpuCYrauOKbnWYG8C8zTVfHWFKAHVamvzYnVaeXw4CN9jwERK/JYY/y2VFZXHuw==",
      "requires": {
        "@pixi/constants": "^5.1.0",
        "@pixi/settings": "^5.1.3",
        "earcut": "^2.1.5",
        "eventemitter3": "^3.1.0",
        "url": "^0.11.0"
      }
    },
    "earcut": {
      "version": "2.2.1",
      "resolved": "https://registry.npmjs.org/earcut/-/earcut-2.2.1.tgz",
      "integrity": "sha512-5jIMi2RB3HtGPHcYd9Yyl0cczo84y+48lgKPxMijliNQaKAHEZJbdzLmKmdxG/mCdS/YD9DQ1gihL8mxzR0F9w=="
    },
    "es6-promise-polyfill": {
      "version": "1.2.0",
      "resolved": "https://registry.npmjs.org/es6-promise-polyfill/-/es6-promise-polyfill-1.2.0.tgz",
      "integrity": "sha1-84kl8jyz4+jObNqP93T867sJDN4="
    },
    "eventemitter3": {
      "version": "3.1.2",
      "resolved": "https://registry.npmjs.org/eventemitter3/-/eventemitter3-3.1.2.tgz",
      "integrity": "sha512-tvtQIeLVHjDkJYnzf2dgVMxfuSGJeM/7UCG17TT4EumTfNtF+0nebF/4zWOIkCreAbtNqhGEboB6BWrwqNaw4Q=="
    },
    "ismobilejs": {
      "version": "0.5.2",
      "resolved": "https://registry.npmjs.org/ismobilejs/-/ismobilejs-0.5.2.tgz",
      "integrity": "sha512-ta9UdV60xVZk/ZafFtSFslQaE76SvNkcs1r73d2PVR21zVzx9xuYv9tNe4MxA1NN7WoeCc2RjGot3Bz1eHDx3Q=="
    },
    "mini-signals": {
      "version": "1.2.0",
      "resolved": "https://registry.npmjs.org/mini-signals/-/mini-signals-1.2.0.tgz",
      "integrity": "sha1-RbCAE8X65RokqhqTXNMXye1yHXQ="
    },
    "object-assign": {
      "version": "4.1.1",
      "resolved": "https://registry.npmjs.org/object-assign/-/object-assign-4.1.1.tgz",
      "integrity": "sha1-IQmtx5ZYh8/AXLvUQsrIv7s2CGM="
    },
    "parse-uri": {
      "version": "1.0.0",
      "resolved": "https://registry.npmjs.org/parse-uri/-/parse-uri-1.0.0.tgz",
      "integrity": "sha1-KHLcwi8aeXrN4Vg9igrClVLdrCA="
    },
    "pixi.js": {
      "version": "5.1.5",
      "resolved": "https://registry.npmjs.org/pixi.js/-/pixi.js-5.1.5.tgz",
      "integrity": "sha512-VUvM/eoOahQV1wx+wEOM7/Xw+XXdbwP3qGaANZKeJAyVvOa4ZcsSTyWHV9bAITOJFyoLhJ/h7h2QCNtvv1s/WA==",
      "requires": {
        "@pixi/accessibility": "^5.1.5",
        "@pixi/app": "^5.1.5",
        "@pixi/constants": "^5.1.0",
        "@pixi/core": "^5.1.5",
        "@pixi/display": "^5.1.3",
        "@pixi/extract": "^5.1.5",
        "@pixi/filter-alpha": "^5.1.5",
        "@pixi/filter-blur": "^5.1.5",
        "@pixi/filter-color-matrix": "^5.1.5",
        "@pixi/filter-displacement": "^5.1.5",
        "@pixi/filter-fxaa": "^5.1.5",
        "@pixi/filter-noise": "^5.1.5",
        "@pixi/graphics": "^5.1.5",
        "@pixi/interaction": "^5.1.5",
        "@pixi/loaders": "^5.1.5",
        "@pixi/math": "^5.1.0",
        "@pixi/mesh": "^5.1.5",
        "@pixi/mesh-extras": "^5.1.5",
        "@pixi/mixin-cache-as-bitmap": "^5.1.5",
        "@pixi/mixin-get-child-by-name": "^5.1.3",
        "@pixi/mixin-get-global-position": "^5.1.3",
        "@pixi/particles": "^5.1.5",
        "@pixi/polyfill": "^5.1.0",
        "@pixi/prepare": "^5.1.5",
        "@pixi/runner": "^5.1.1",
        "@pixi/settings": "^5.1.3",
        "@pixi/sprite": "^5.1.5",
        "@pixi/sprite-animated": "^5.1.5",
        "@pixi/sprite-tiling": "^5.1.5",
        "@pixi/spritesheet": "^5.1.5",
        "@pixi/text": "^5.1.5",
        "@pixi/text-bitmap": "^5.1.5",
        "@pixi/ticker": "^5.1.3",
        "@pixi/utils": "^5.1.3"
      }
    },
    "punycode": {
      "version": "1.3.2",
      "resolved": "https://registry.npmjs.org/punycode/-/punycode-1.3.2.tgz",
      "integrity": "sha1-llOgNvt8HuQjQvIyXM7v6jkmxI0="
    },
    "querystring": {
      "version": "0.2.0",
      "resolved": "https://registry.npmjs.org/querystring/-/querystring-0.2.0.tgz",
      "integrity": "sha1-sgmEkgO7Jd+CDadW50cAWHhSFiA="
    },
    "resource-loader": {
      "version": "3.0.1",
      "resolved": "https://registry.npmjs.org/resource-loader/-/resource-loader-3.0.1.tgz",
      "integrity": "sha512-fBuCRbEHdLCI1eglzQhUv9Rrdcmqkydr1r6uHE2cYHvRBrcLXeSmbE/qI/urFt8rPr/IGxir3BUwM5kUK8XoyA==",
      "requires": {
        "mini-signals": "^1.2.0",
        "parse-uri": "^1.0.0"
      }
    },
    "url": {
      "version": "0.11.0",
      "resolved": "https://registry.npmjs.org/url/-/url-0.11.0.tgz",
      "integrity": "sha1-ODjpfPxgUh63PFJajlW/3Z4uKPE=",
      "requires": {
        "punycode": "1.3.2",
        "querystring": "0.2.0"
      }
    }
  }
}
